
Microsoft Visual Studio Solution File, Format Version 12.00
# Visual Studio Version 17
VisualStudioVersion = 17.0.31903.59
MinimumVisualStudioVersion = 10.0.40219.1
Project("{2150E333-8FDC-42A3-9474-1A3956D46DE8}") = "BE", "BE", "{925EF7A6-BD2D-FD16-DA9B-B4A434F89C38}"
EndProject
Project("{FAE04EC0-301F-11D3-BF4B-00C04F79EFBC}") = "PhoneShopApp.BE.Api", "BE\PhoneShopApp.BE.Api\PhoneShopApp.BE.Api.csproj", "{3AF1E491-41CC-4247-92CC-06574B07E1F6}"
EndProject
Project("{FAE04EC0-301F-11D3-BF4B-00C04F79EFBC}") = "PhoneShopApp.BE.Core", "BE\PhoneShopApp.BE.Core\PhoneShopApp.BE.Core.csproj", "{DEBFFD5B-D4F7-4E43-92C3-95E25697895C}"
EndProject
Project("{FAE04EC0-301F-11D3-BF4B-00C04F79EFBC}") = "PhoneShopApp.BE.Infrastructure", "BE\PhoneShopApp.BE.Infrastructure\PhoneShopApp.BE.Infrastructure.csproj", "{83851869-6239-4CAB-9B81-ABB350D75897}"
EndProject
Project("{FAE04EC0-301F-11D3-BF4B-00C04F79EFBC}") = "PhoneShopApp.BE.Services", "BE\PhoneShopApp.BE.Services\PhoneShopApp.BE.Services.csproj", "{15817BEE-FB9F-48F1-A833-43D1EEC25424}"
EndProject
Project("{2150E333-8FDC-42A3-9474-1A3956D46DE8}") = "FE", "FE", "{6A166452-0661-9F2D-66B3-878B7B8DAE7B}"
EndProject
Project("{FAE04EC0-301F-11D3-BF4B-00C04F79EFBC}") = "PhoneShopApp.FE.Web", "FE\PhoneShopApp.FE.Web\PhoneShopApp.FE.Web.csproj", "{9B54D9BA-80FC-44DA-A824-1CEBE90AC5CA}"
EndProject
Global
	GlobalSection(SolutionConfigurationPlatforms) = preSolution
		Debug|Any CPU = Debug|Any CPU
		Debug|x64 = Debug|x64
		Debug|x86 = Debug|x86
		Release|Any CPU = Release|Any CPU
		Release|x64 = Release|x64
		Release|x86 = Release|x86
	EndGlobalSection
	GlobalSection(ProjectConfigurationPlatforms) = postSolution
		{3AF1E491-41CC-4247-92CC-06574B07E1F6}.Debug|Any CPU.ActiveCfg = Debug|Any CPU
		{3AF1E491-41CC-4247-92CC-06574B07E1F6}.Debug|Any CPU.Build.0 = Debug|Any CPU
		{3AF1E491-41CC-4247-92CC-06574B07E1F6}.Debug|x64.ActiveCfg = Debug|Any CPU
		{3AF1E491-41CC-4247-92CC-06574B07E1F6}.Debug|x64.Build.0 = Debug|Any CPU
		{3AF1E491-41CC-4247-92CC-06574B07E1F6}.Debug|x86.ActiveCfg = Debug|Any CPU
		{3AF1E491-41CC-4247-92CC-06574B07E1F6}.Debug|x86.Build.0 = Debug|Any CPU
		{3AF1E491-41CC-4247-92CC-06574B07E1F6}.Release|Any CPU.ActiveCfg = Release|Any CPU
		{3AF1E491-41CC-4247-92CC-06574B07E1F6}.Release|Any CPU.Build.0 = Release|Any CPU
		{3AF1E491-41CC-4247-92CC-06574B07E1F6}.Release|x64.ActiveCfg = Release|Any CPU
		{3AF1E491-41CC-4247-92CC-06574B07E1F6}.Release|x64.Build.0 = Release|Any CPU
		{3AF1E491-41CC-4247-92CC-06574B07E1F6}.Release|x86.ActiveCfg = Release|Any CPU
		{3AF1E491-41CC-4247-92CC-06574B07E1F6}.Release|x86.Build.0 = Release|Any CPU
		{DEBFFD5B-D4F7-4E43-92C3-95E25697895C}.Debug|Any CPU.ActiveCfg = Debug|Any CPU
		{DEBFFD5B-D4F7-4E43-92C3-95E25697895C}.Debug|Any CPU.Build.0 = Debug|Any CPU
		{DEBFFD5B-D4F7-4E43-92C3-95E25697895C}.Debug|x64.ActiveCfg = Debug|Any CPU
		{DEBFFD5B-D4F7-4E43-92C3-95E25697895C}.Debug|x64.Build.0 = Debug|Any CPU
		{DEBFFD5B-D4F7-4E43-92C3-95E25697895C}.Debug|x86.ActiveCfg = Debug|Any CPU
		{DEBFFD5B-D4F7-4E43-92C3-95E25697895C}.Debug|x86.Build.0 = Debug|Any CPU
		{DEBFFD5B-D4F7-4E43-92C3-95E25697895C}.Release|Any CPU.ActiveCfg = Release|Any CPU
		{DEBFFD5B-D4F7-4E43-92C3-95E25697895C}.Release|Any CPU.Build.0 = Release|Any CPU
		{DEBFFD5B-D4F7-4E43-92C3-95E25697895C}.Release|x64.ActiveCfg = Release|Any CPU
		{DEBFFD5B-D4F7-4E43-92C3-95E25697895C}.Release|x64.Build.0 = Release|Any CPU
		{DEBFFD5B-D4F7-4E43-92C3-95E25697895C}.Release|x86.ActiveCfg = Release|Any CPU
		{DEBFFD5B-D4F7-4E43-92C3-95E25697895C}.Release|x86.Build.0 = Release|Any CPU
		{83851869-6239-4CAB-9B81-ABB350D75897}.Debug|Any CPU.ActiveCfg = Debug|Any CPU
		{83851869-6239-4CAB-9B81-ABB350D75897}.Debug|Any CPU.Build.0 = Debug|Any CPU
		{83851869-6239-4CAB-9B81-ABB350D75897}.Debug|x64.ActiveCfg = Debug|Any CPU
		{83851869-6239-4CAB-9B81-ABB350D75897}.Debug|x64.Build.0 = Debug|Any CPU
		{83851869-6239-4CAB-9B81-ABB350D75897}.Debug|x86.ActiveCfg = Debug|Any CPU
		{83851869-6239-4CAB-9B81-ABB350D75897}.Debug|x86.Build.0 = Debug|Any CPU
		{83851869-6239-4CAB-9B81-ABB350D75897}.Release|Any CPU.ActiveCfg = Release|Any CPU
		{83851869-6239-4CAB-9B81-ABB350D75897}.Release|Any CPU.Build.0 = Release|Any CPU
		{83851869-6239-4CAB-9B81-ABB350D75897}.Release|x64.ActiveCfg = Release|Any CPU
		{83851869-6239-4CAB-9B81-ABB350D75897}.Release|x64.Build.0 = Release|Any CPU
		{83851869-6239-4CAB-9B81-ABB350D75897}.Release|x86.ActiveCfg = Release|Any CPU
		{83851869-6239-4CAB-9B81-ABB350D75897}.Release|x86.Build.0 = Release|Any CPU
		{15817BEE-FB9F-48F1-A833-43D1EEC25424}.Debug|Any CPU.ActiveCfg = Debug|Any CPU
		{15817BEE-FB9F-48F1-A833-43D1EEC25424}.Debug|Any CPU.Build.0 = Debug|Any CPU
		{15817BEE-FB9F-48F1-A833-43D1EEC25424}.Debug|x64.ActiveCfg = Debug|Any CPU
		{15817BEE-FB9F-48F1-A833-43D1EEC25424}.Debug|x64.Build.0 = Debug|Any CPU
		{15817BEE-FB9F-48F1-A833-43D1EEC25424}.Debug|x86.ActiveCfg = Debug|Any CPU
		{15817BEE-FB9F-48F1-A833-43D1EEC25424}.Debug|x86.Build.0 = Debug|Any CPU
		{15817BEE-FB9F-48F1-A833-43D1EEC25424}.Release|Any CPU.ActiveCfg = Release|Any CPU
		{15817BEE-FB9F-48F1-A833-43D1EEC25424}.Release|Any CPU.Build.0 = Release|Any CPU
		{15817BEE-FB9F-48F1-A833-43D1EEC25424}.Release|x64.ActiveCfg = Release|Any CPU
		{15817BEE-FB9F-48F1-A833-43D1EEC25424}.Release|x64.Build.0 = Release|Any CPU
		{15817BEE-FB9F-48F1-A833-43D1EEC25424}.Release|x86.ActiveCfg = Release|Any CPU
		{15817BEE-FB9F-48F1-A833-43D1EEC25424}.Release|x86.Build.0 = Release|Any CPU
		{9B54D9BA-80FC-44DA-A824-1CEBE90AC5CA}.Debug|Any CPU.ActiveCfg = Debug|Any CPU
		{9B54D9BA-80FC-44DA-A824-1CEBE90AC5CA}.Debug|Any CPU.Build.0 = Debug|Any CPU
		{9B54D9BA-80FC-44DA-A824-1CEBE90AC5CA}.Debug|x64.ActiveCfg = Debug|Any CPU
		{9B54D9BA-80FC-44DA-A824-1CEBE90AC5CA}.Debug|x64.Build.0 = Debug|Any CPU
		{9B54D9BA-80FC-44DA-A824-1CEBE90AC5CA}.Debug|x86.ActiveCfg = Debug|Any CPU
		{9B54D9BA-80FC-44DA-A824-1CEBE90AC5CA}.Debug|x86.Build.0 = Debug|Any CPU
		{9B54D9BA-80FC-44DA-A824-1CEBE90AC5CA}.Release|Any CPU.ActiveCfg = Release|Any CPU
		{9B54D9BA-80FC-44DA-A824-1CEBE90AC5CA}.Release|Any CPU.Build.0 = Release|Any CPU
		{9B54D9BA-80FC-44DA-A824-1CEBE90AC5CA}.Release|x64.ActiveCfg = Release|Any CPU
		{9B54D9BA-80FC-44DA-A824-1CEBE90AC5CA}.Release|x64.Build.0 = Release|Any CPU
		{9B54D9BA-80FC-44DA-A824-1CEBE90AC5CA}.Release|x86.ActiveCfg = Release|Any CPU
		{9B54D9BA-80FC-44DA-A824-1CEBE90AC5CA}.Release|x86.Build.0 = Release|Any CPU
	EndGlobalSection
	GlobalSection(SolutionProperties) = preSolution
		HideSolutionNode = FALSE
	EndGlobalSection
	GlobalSection(NestedProjects) = preSolution
		{3AF1E491-41CC-4247-92CC-06574B07E1F6} = {925EF7A6-BD2D-FD16-DA9B-B4A434F89C38}
		{DEBFFD5B-D4F7-4E43-92C3-95E25697895C} = {925EF7A6-BD2D-FD16-DA9B-B4A434F89C38}
		{83851869-6239-4CAB-9B81-ABB350D75897} = {925EF7A6-BD2D-FD16-DA9B-B4A434F89C38}
		{15817BEE-FB9F-48F1-A833-43D1EEC25424} = {925EF7A6-BD2D-FD16-DA9B-B4A434F89C38}
		{9B54D9BA-80FC-44DA-A824-1CEBE90AC5CA} = {6A166452-0661-9F2D-66B3-878B7B8DAE7B}
	EndGlobalSection
EndGlobal
